
Microsoft Visual Studio Solution File, Format Version 12.00
# Visual Studio Version 17
VisualStudioVersion = 17.6.33815.320
MinimumVisualStudioVersion = 10.0.40219.1
Project("{9A19103F-16F7-4668-BE54-9A1E7A4F7556}") = "szorzotabla", "szorzotabla\szorzotabla.csproj", "{AF93D5D8-07AB-452F-9898-898AE97D39EB}"
EndProject
Project("{9A19103F-16F7-4668-BE54-9A1E7A4F7556}") = "Fibonacci", "Fibonacci\Fibonacci.csproj", "{04B99C39-0ABB-4211-98C3-AF35C6045B95}"
EndProject
Project("{2150E333-8FDC-42A3-9474-1A3956D46DE8}") = "Quiz", "Quiz", "{36497A08-8218-404E-80B2-C89B4FD72A96}"
EndProject
Project("{9A19103F-16F7-4668-BE54-9A1E7A4F7556}") = "fájlquiz", "fájlquiz\fájlquiz.csproj", "{64660880-4BA1-475A-966C-72A85CECE28C}"
EndProject
Project("{FAE04EC0-301F-11D3-BF4B-00C04F79EFBC}") = "snake", "snake\snake.csproj", "{DC1A2E61-D87B-400D-8750-1E090EBBCDE0}"
EndProject
Global
	GlobalSection(SolutionConfigurationPlatforms) = preSolution
		Debug|Any CPU = Debug|Any CPU
		Release|Any CPU = Release|Any CPU
	EndGlobalSection
	GlobalSection(ProjectConfigurationPlatforms) = postSolution
		{AF93D5D8-07AB-452F-9898-898AE97D39EB}.Debug|Any CPU.ActiveCfg = Debug|Any CPU
		{AF93D5D8-07AB-452F-9898-898AE97D39EB}.Debug|Any CPU.Build.0 = Debug|Any CPU
		{AF93D5D8-07AB-452F-9898-898AE97D39EB}.Release|Any CPU.ActiveCfg = Release|Any CPU
		{AF93D5D8-07AB-452F-9898-898AE97D39EB}.Release|Any CPU.Build.0 = Release|Any CPU
		{04B99C39-0ABB-4211-98C3-AF35C6045B95}.Debug|Any CPU.ActiveCfg = Debug|Any CPU
		{04B99C39-0ABB-4211-98C3-AF35C6045B95}.Debug|Any CPU.Build.0 = Debug|Any CPU
		{04B99C39-0ABB-4211-98C3-AF35C6045B95}.Release|Any CPU.ActiveCfg = Release|Any CPU
		{04B99C39-0ABB-4211-98C3-AF35C6045B95}.Release|Any CPU.Build.0 = Release|Any CPU
		{64660880-4BA1-475A-966C-72A85CECE28C}.Debug|Any CPU.ActiveCfg = Debug|Any CPU
		{64660880-4BA1-475A-966C-72A85CECE28C}.Debug|Any CPU.Build.0 = Debug|Any CPU
		{64660880-4BA1-475A-966C-72A85CECE28C}.Release|Any CPU.ActiveCfg = Release|Any CPU
		{64660880-4BA1-475A-966C-72A85CECE28C}.Release|Any CPU.Build.0 = Release|Any CPU
		{DC1A2E61-D87B-400D-8750-1E090EBBCDE0}.Debug|Any CPU.ActiveCfg = Debug|Any CPU
		{DC1A2E61-D87B-400D-8750-1E090EBBCDE0}.Debug|Any CPU.Build.0 = Debug|Any CPU
		{DC1A2E61-D87B-400D-8750-1E090EBBCDE0}.Release|Any CPU.ActiveCfg = Release|Any CPU
		{DC1A2E61-D87B-400D-8750-1E090EBBCDE0}.Release|Any CPU.Build.0 = Release|Any CPU
	EndGlobalSection
	GlobalSection(SolutionProperties) = preSolution
		HideSolutionNode = FALSE
	EndGlobalSection
	GlobalSection(ExtensibilityGlobals) = postSolution
		SolutionGuid = {5E66401C-359A-4996-9BCA-E0532AFCB376}
	EndGlobalSection
EndGlobal
